// !$*UTF8*$!
{
	archiveVersion = 1;
	classes = {
	};
	objectVersion = 48;
	objects = {

/* Begin PBXBuildFile section */
		6B2F710720214B2A003812DB /* DocumentIcon-fmear-320x320px.png in Resources */ = {isa = PBXBuildFile; fileRef = 6B2F710320214B25003812DB /* DocumentIcon-fmear-320x320px.png */; };
		6B2F710820214B2A003812DB /* DocumentIcon-fmear-64x64px.png in Resources */ = {isa = PBXBuildFile; fileRef = 6B2F710420214B27003812DB /* DocumentIcon-fmear-64x64px.png */; };
		6B2F710920214B2A003812DB /* DocumentIcon-fmear-22x29px.png in Resources */ = {isa = PBXBuildFile; fileRef = 6B2F710520214B28003812DB /* DocumentIcon-fmear-22x29px.png */; };
		6B2F710A20214B2A003812DB /* DocumentIcon-fmear-44x58px.png in Resources */ = {isa = PBXBuildFile; fileRef = 6B2F710620214B29003812DB /* DocumentIcon-fmear-44x58px.png */; };
		6B5162D323594D77003CEC8C /* GeolocationMarkerNode.swift in Sources */ = {isa = PBXBuildFile; fileRef = 6B5162D223594D77003CEC8C /* GeolocationMarkerNode.swift */; };
		6B5162D5235A4F9B003CEC8C /* OverlaySKScene.swift in Sources */ = {isa = PBXBuildFile; fileRef = 6B5162D4235A4F9B003CEC8C /* OverlaySKScene.swift */; };
		6B9F905C232C2816009FF7E5 /* ScaleOptionsViewModel.swift in Sources */ = {isa = PBXBuildFile; fileRef = 6B9F905B232C2816009FF7E5 /* ScaleOptionsViewModel.swift */; };
		6BA3AA621F4EF66F00CE75E6 /* AppDelegate.swift in Sources */ = {isa = PBXBuildFile; fileRef = 6BA3AA611F4EF66F00CE75E6 /* AppDelegate.swift */; };
		6BA3AA641F4EF66F00CE75E6 /* DocumentBrowserViewController.swift in Sources */ = {isa = PBXBuildFile; fileRef = 6BA3AA631F4EF66F00CE75E6 /* DocumentBrowserViewController.swift */; };
		6BA3AA661F4EF66F00CE75E6 /* DocumentViewController.swift in Sources */ = {isa = PBXBuildFile; fileRef = 6BA3AA651F4EF66F00CE75E6 /* DocumentViewController.swift */; };
		6BA3AA681F4EF66F00CE75E6 /* Document.swift in Sources */ = {isa = PBXBuildFile; fileRef = 6BA3AA671F4EF66F00CE75E6 /* Document.swift */; };
		6BA3AA6B1F4EF66F00CE75E6 /* Main.storyboard in Resources */ = {isa = PBXBuildFile; fileRef = 6BA3AA691F4EF66F00CE75E6 /* Main.storyboard */; };
		6BA3AA6D1F4EF66F00CE75E6 /* Assets.xcassets in Resources */ = {isa = PBXBuildFile; fileRef = 6BA3AA6C1F4EF66F00CE75E6 /* Assets.xcassets */; };
		6BA3AA701F4EF66F00CE75E6 /* LaunchScreen.storyboard in Resources */ = {isa = PBXBuildFile; fileRef = 6BA3AA6E1F4EF66F00CE75E6 /* LaunchScreen.storyboard */; };
		6BA3AAAD1F4EF86100CE75E6 /* FocusSquare.swift in Sources */ = {isa = PBXBuildFile; fileRef = 6BA3AA9B1F4EF86100CE75E6 /* FocusSquare.swift */; };
		6BA3AAAE1F4EF86100CE75E6 /* FocusSquareSegment.swift in Sources */ = {isa = PBXBuildFile; fileRef = 6BA3AA9C1F4EF86100CE75E6 /* FocusSquareSegment.swift */; };
		6BA3AAAF1F4EF86100CE75E6 /* Gesture.swift in Sources */ = {isa = PBXBuildFile; fileRef = 6BA3AA9E1F4EF86100CE75E6 /* Gesture.swift */; };
		6BA3AAB01F4EF86100CE75E6 /* SingleFingerGesture.swift in Sources */ = {isa = PBXBuildFile; fileRef = 6BA3AA9F1F4EF86100CE75E6 /* SingleFingerGesture.swift */; };
		6BA3AAB11F4EF86100CE75E6 /* TwoFingerGesture.swift in Sources */ = {isa = PBXBuildFile; fileRef = 6BA3AAA01F4EF86100CE75E6 /* TwoFingerGesture.swift */; };
		6BA3AAB21F4EF86100CE75E6 /* Plane.swift in Sources */ = {isa = PBXBuildFile; fileRef = 6BA3AAA11F4EF86100CE75E6 /* Plane.swift */; };
		6BA3AAB31F4EF86100CE75E6 /* SettingsViewController.swift in Sources */ = {isa = PBXBuildFile; fileRef = 6BA3AAA31F4EF86100CE75E6 /* SettingsViewController.swift */; };
		6BA3AAB41F4EF86100CE75E6 /* VirtualObjectSelectionViewController.swift in Sources */ = {isa = PBXBuildFile; fileRef = 6BA3AAA41F4EF86100CE75E6 /* VirtualObjectSelectionViewController.swift */; };
		6BA3AAB51F4EF86100CE75E6 /* VirtualObjectManager.swift in Sources */ = {isa = PBXBuildFile; fileRef = 6BA3AAA61F4EF86100CE75E6 /* VirtualObjectManager.swift */; };
		6BA3AAB61F4EF86100CE75E6 /* VirtualObjects.json in Resources */ = {isa = PBXBuildFile; fileRef = 6BA3AAA71F4EF86100CE75E6 /* VirtualObjects.json */; };
		6BA3AAB71F4EF86100CE75E6 /* ARSCNView+HitTests.swift in Sources */ = {isa = PBXBuildFile; fileRef = 6BA3AAA91F4EF86100CE75E6 /* ARSCNView+HitTests.swift */; };
		6BA3AAB81F4EF86100CE75E6 /* SceneExtensions.swift in Sources */ = {isa = PBXBuildFile; fileRef = 6BA3AAAA1F4EF86100CE75E6 /* SceneExtensions.swift */; };
		6BA3AAB91F4EF86100CE75E6 /* TextManager.swift in Sources */ = {isa = PBXBuildFile; fileRef = 6BA3AAAB1F4EF86100CE75E6 /* TextManager.swift */; };
		6BA3AABA1F4EF86100CE75E6 /* Utilities.swift in Sources */ = {isa = PBXBuildFile; fileRef = 6BA3AAAC1F4EF86100CE75E6 /* Utilities.swift */; };
		6BA3AABC1F4EF89500CE75E6 /* VirtualObject.swift in Sources */ = {isa = PBXBuildFile; fileRef = 6BA3AABB1F4EF89500CE75E6 /* VirtualObject.swift */; };
		6BA3AAC11F4EF8C700CE75E6 /* ViewController+Actions.swift in Sources */ = {isa = PBXBuildFile; fileRef = 6BA3AABD1F4EF8C700CE75E6 /* ViewController+Actions.swift */; };
		6BA3AAC21F4EF8C700CE75E6 /* ViewController+ARSCNViewDelegate.swift in Sources */ = {isa = PBXBuildFile; fileRef = 6BA3AABE1F4EF8C700CE75E6 /* ViewController+ARSCNViewDelegate.swift */; };
		6BA3AAC31F4EF8C700CE75E6 /* ViewController.swift in Sources */ = {isa = PBXBuildFile; fileRef = 6BA3AABF1F4EF8C700CE75E6 /* ViewController.swift */; };
		6BA3AAC41F4EF8C700CE75E6 /* ViewController+ObjectSelection.swift in Sources */ = {isa = PBXBuildFile; fileRef = 6BA3AAC01F4EF8C700CE75E6 /* ViewController+ObjectSelection.swift */; };
		6BA3AAC61F4F053300CE75E6 /* SceneAssets.scnassets in Resources */ = {isa = PBXBuildFile; fileRef = 6BA3AAC51F4F053300CE75E6 /* SceneAssets.scnassets */; };
		6BA3AAC81F4F0CAD00CE75E6 /* ViewController+Document.swift in Sources */ = {isa = PBXBuildFile; fileRef = 6BA3AAC71F4F0CAD00CE75E6 /* ViewController+Document.swift */; };
		6BA3AB2D1F4F1BB600CE75E6 /* SSZipArchive.m in Sources */ = {isa = PBXBuildFile; fileRef = 6BA3AB2B1F4F1BB600CE75E6 /* SSZipArchive.m */; };
		6BA3AB2F1F4F1C2800CE75E6 /* SSZipArchive+Swift.swift in Sources */ = {isa = PBXBuildFile; fileRef = 6BA3AB2E1F4F1C2800CE75E6 /* SSZipArchive+Swift.swift */; };
		6BA3AB541F4F1D4800CE75E6 /* aes_ni.c in Sources */ = {isa = PBXBuildFile; fileRef = 6BA3AB331F4F1D4800CE75E6 /* aes_ni.c */; };
		6BA3AB551F4F1D4800CE75E6 /* aescrypt.c in Sources */ = {isa = PBXBuildFile; fileRef = 6BA3AB351F4F1D4800CE75E6 /* aescrypt.c */; };
		6BA3AB561F4F1D4800CE75E6 /* aeskey.c in Sources */ = {isa = PBXBuildFile; fileRef = 6BA3AB361F4F1D4800CE75E6 /* aeskey.c */; };
		6BA3AB571F4F1D4800CE75E6 /* aestab.c in Sources */ = {isa = PBXBuildFile; fileRef = 6BA3AB381F4F1D4800CE75E6 /* aestab.c */; };
		6BA3AB581F4F1D4800CE75E6 /* fileenc.c in Sources */ = {isa = PBXBuildFile; fileRef = 6BA3AB3C1F4F1D4800CE75E6 /* fileenc.c */; };
		6BA3AB591F4F1D4800CE75E6 /* hmac.c in Sources */ = {isa = PBXBuildFile; fileRef = 6BA3AB3E1F4F1D4800CE75E6 /* hmac.c */; };
		6BA3AB5A1F4F1D4800CE75E6 /* prng.c in Sources */ = {isa = PBXBuildFile; fileRef = 6BA3AB401F4F1D4800CE75E6 /* prng.c */; };
		6BA3AB5B1F4F1D4800CE75E6 /* pwd2key.c in Sources */ = {isa = PBXBuildFile; fileRef = 6BA3AB421F4F1D4800CE75E6 /* pwd2key.c */; };
		6BA3AB5C1F4F1D4800CE75E6 /* sha1.c in Sources */ = {isa = PBXBuildFile; fileRef = 6BA3AB441F4F1D4800CE75E6 /* sha1.c */; };
		6BA3AB5D1F4F1D4800CE75E6 /* crypt.c in Sources */ = {isa = PBXBuildFile; fileRef = 6BA3AB461F4F1D4800CE75E6 /* crypt.c */; };
		6BA3AB5E1F4F1D4800CE75E6 /* ioapi.c in Sources */ = {isa = PBXBuildFile; fileRef = 6BA3AB481F4F1D4800CE75E6 /* ioapi.c */; };
		6BA3AB5F1F4F1D4800CE75E6 /* ioapi_buf.c in Sources */ = {isa = PBXBuildFile; fileRef = 6BA3AB4A1F4F1D4800CE75E6 /* ioapi_buf.c */; };
		6BA3AB601F4F1D4800CE75E6 /* ioapi_mem.c in Sources */ = {isa = PBXBuildFile; fileRef = 6BA3AB4C1F4F1D4800CE75E6 /* ioapi_mem.c */; };
		6BA3AB611F4F1D4800CE75E6 /* minishared.c in Sources */ = {isa = PBXBuildFile; fileRef = 6BA3AB4E1F4F1D4800CE75E6 /* minishared.c */; };
		6BA3AB621F4F1D4800CE75E6 /* unzip.c in Sources */ = {isa = PBXBuildFile; fileRef = 6BA3AB501F4F1D4800CE75E6 /* unzip.c */; };
		6BA3AB631F4F1D4800CE75E6 /* zip.c in Sources */ = {isa = PBXBuildFile; fileRef = 6BA3AB521F4F1D4800CE75E6 /* zip.c */; };
		6BA8519720478BA2009D26B4 /* fmeLogo.png in Resources */ = {isa = PBXBuildFile; fileRef = 6BA8519620478BA1009D26B4 /* fmeLogo.png */; };
		6BA85199204A3610009D26B4 /* AssetTableViewController.swift in Sources */ = {isa = PBXBuildFile; fileRef = 6BA85198204A3610009D26B4 /* AssetTableViewController.swift */; };
		6BA973CC24B489E100EE9F83 /* DesignSystem.swift in Sources */ = {isa = PBXBuildFile; fileRef = 6BA973CB24B489E100EE9F83 /* DesignSystem.swift */; };
		6BAAA915231F21FD00E95C6B /* RoundButton.swift in Sources */ = {isa = PBXBuildFile; fileRef = 6BAAA914231F21FD00E95C6B /* RoundButton.swift */; };
		6BAAA9172320454400E95C6B /* ScaleOptionsViewController.swift in Sources */ = {isa = PBXBuildFile; fileRef = 6BAAA9162320454400E95C6B /* ScaleOptionsViewController.swift */; };
		6BD2FB2524D11A0900597781 /* Colors.xcassets in Resources */ = {isa = PBXBuildFile; fileRef = 6BD2FB2424D11A0900597781 /* Colors.xcassets */; };
		6BE08D6924CC461B002A1229 /* LabelNode.swift in Sources */ = {isa = PBXBuildFile; fileRef = 6BE08D6824CC461B002A1229 /* LabelNode.swift */; };
		6BF22FDC24D16A7F00632222 /* Colors.swift in Sources */ = {isa = PBXBuildFile; fileRef = 6BF22FDB24D16A7F00632222 /* Colors.swift */; };
		6BF22FDE24D1948B00632222 /* PointyLabelNode.swift in Sources */ = {isa = PBXBuildFile; fileRef = 6BF22FDD24D1948B00632222 /* PointyLabelNode.swift */; };
		6BF718BF23443F060050434D /* MapKit.framework in Frameworks */ = {isa = PBXBuildFile; fileRef = 6BF718BE23443F060050434D /* MapKit.framework */; };
		6BF718C123452B710050434D /* LocationService.swift in Sources */ = {isa = PBXBuildFile; fileRef = 6BF718C023452B710050434D /* LocationService.swift */; };
		6BF718C3234D5C1A0050434D /* Settings.swift in Sources */ = {isa = PBXBuildFile; fileRef = 6BF718C2234D5C1A0050434D /* Settings.swift */; };
		6BF718CB234E90990050434D /* FMEARTests.swift in Sources */ = {isa = PBXBuildFile; fileRef = 6BF718CA234E90990050434D /* FMEARTests.swift */; };
/* End PBXBuildFile section */

/* Begin PBXContainerItemProxy section */
		6BF718CD234E90990050434D /* PBXContainerItemProxy */ = {
			isa = PBXContainerItemProxy;
			containerPortal = 6BA3AA561F4EF66F00CE75E6 /* Project object */;
			proxyType = 1;
			remoteGlobalIDString = 6BA3AA5D1F4EF66F00CE75E6;
			remoteInfo = FMEAR;
		};
/* End PBXContainerItemProxy section */

/* Begin PBXFileReference section */
		345D836A24525460000E0F10 /* FME AR.entitlements */ = {isa = PBXFileReference; lastKnownFileType = text.plist.entitlements; path = "FME AR.entitlements"; sourceTree = "<group>"; };
		6B2F710320214B25003812DB /* DocumentIcon-fmear-320x320px.png */ = {isa = PBXFileReference; lastKnownFileType = image.png; path = "DocumentIcon-fmear-320x320px.png"; sourceTree = "<group>"; };
		6B2F710420214B27003812DB /* DocumentIcon-fmear-64x64px.png */ = {isa = PBXFileReference; lastKnownFileType = image.png; path = "DocumentIcon-fmear-64x64px.png"; sourceTree = "<group>"; };
		6B2F710520214B28003812DB /* DocumentIcon-fmear-22x29px.png */ = {isa = PBXFileReference; lastKnownFileType = image.png; path = "DocumentIcon-fmear-22x29px.png"; sourceTree = "<group>"; };
		6B2F710620214B29003812DB /* DocumentIcon-fmear-44x58px.png */ = {isa = PBXFileReference; lastKnownFileType = image.png; path = "DocumentIcon-fmear-44x58px.png"; sourceTree = "<group>"; };
		6B5162D223594D77003CEC8C /* GeolocationMarkerNode.swift */ = {isa = PBXFileReference; lastKnownFileType = sourcecode.swift; path = GeolocationMarkerNode.swift; sourceTree = "<group>"; };
		6B5162D4235A4F9B003CEC8C /* OverlaySKScene.swift */ = {isa = PBXFileReference; lastKnownFileType = sourcecode.swift; path = OverlaySKScene.swift; sourceTree = "<group>"; };
		6B9F905B232C2816009FF7E5 /* ScaleOptionsViewModel.swift */ = {isa = PBXFileReference; lastKnownFileType = sourcecode.swift; path = ScaleOptionsViewModel.swift; sourceTree = "<group>"; };
		6BA3AA5E1F4EF66F00CE75E6 /* FME AR.app */ = {isa = PBXFileReference; explicitFileType = wrapper.application; includeInIndex = 0; path = "FME AR.app"; sourceTree = BUILT_PRODUCTS_DIR; };
		6BA3AA611F4EF66F00CE75E6 /* AppDelegate.swift */ = {isa = PBXFileReference; lastKnownFileType = sourcecode.swift; path = AppDelegate.swift; sourceTree = "<group>"; };
		6BA3AA631F4EF66F00CE75E6 /* DocumentBrowserViewController.swift */ = {isa = PBXFileReference; lastKnownFileType = sourcecode.swift; path = DocumentBrowserViewController.swift; sourceTree = "<group>"; };
		6BA3AA651F4EF66F00CE75E6 /* DocumentViewController.swift */ = {isa = PBXFileReference; lastKnownFileType = sourcecode.swift; path = DocumentViewController.swift; sourceTree = "<group>"; };
		6BA3AA671F4EF66F00CE75E6 /* Document.swift */ = {isa = PBXFileReference; lastKnownFileType = sourcecode.swift; path = Document.swift; sourceTree = "<group>"; };
		6BA3AA6A1F4EF66F00CE75E6 /* Base */ = {isa = PBXFileReference; lastKnownFileType = file.storyboard; name = Base; path = Base.lproj/Main.storyboard; sourceTree = "<group>"; };
		6BA3AA6C1F4EF66F00CE75E6 /* Assets.xcassets */ = {isa = PBXFileReference; lastKnownFileType = folder.assetcatalog; path = Assets.xcassets; sourceTree = "<group>"; };
		6BA3AA6F1F4EF66F00CE75E6 /* Base */ = {isa = PBXFileReference; lastKnownFileType = file.storyboard; name = Base; path = Base.lproj/LaunchScreen.storyboard; sourceTree = "<group>"; };
		6BA3AA711F4EF66F00CE75E6 /* Info.plist */ = {isa = PBXFileReference; lastKnownFileType = text.plist.xml; path = Info.plist; sourceTree = "<group>"; };
		6BA3AA9B1F4EF86100CE75E6 /* FocusSquare.swift */ = {isa = PBXFileReference; fileEncoding = 4; lastKnownFileType = sourcecode.swift; path = FocusSquare.swift; sourceTree = "<group>"; };
		6BA3AA9C1F4EF86100CE75E6 /* FocusSquareSegment.swift */ = {isa = PBXFileReference; fileEncoding = 4; lastKnownFileType = sourcecode.swift; path = FocusSquareSegment.swift; sourceTree = "<group>"; };
		6BA3AA9E1F4EF86100CE75E6 /* Gesture.swift */ = {isa = PBXFileReference; fileEncoding = 4; lastKnownFileType = sourcecode.swift; path = Gesture.swift; sourceTree = "<group>"; };
		6BA3AA9F1F4EF86100CE75E6 /* SingleFingerGesture.swift */ = {isa = PBXFileReference; fileEncoding = 4; lastKnownFileType = sourcecode.swift; path = SingleFingerGesture.swift; sourceTree = "<group>"; };
		6BA3AAA01F4EF86100CE75E6 /* TwoFingerGesture.swift */ = {isa = PBXFileReference; fileEncoding = 4; lastKnownFileType = sourcecode.swift; path = TwoFingerGesture.swift; sourceTree = "<group>"; };
		6BA3AAA11F4EF86100CE75E6 /* Plane.swift */ = {isa = PBXFileReference; fileEncoding = 4; lastKnownFileType = sourcecode.swift; path = Plane.swift; sourceTree = "<group>"; };
		6BA3AAA31F4EF86100CE75E6 /* SettingsViewController.swift */ = {isa = PBXFileReference; fileEncoding = 4; lastKnownFileType = sourcecode.swift; path = SettingsViewController.swift; sourceTree = "<group>"; };
		6BA3AAA41F4EF86100CE75E6 /* VirtualObjectSelectionViewController.swift */ = {isa = PBXFileReference; fileEncoding = 4; lastKnownFileType = sourcecode.swift; path = VirtualObjectSelectionViewController.swift; sourceTree = "<group>"; };
		6BA3AAA61F4EF86100CE75E6 /* VirtualObjectManager.swift */ = {isa = PBXFileReference; fileEncoding = 4; lastKnownFileType = sourcecode.swift; path = VirtualObjectManager.swift; sourceTree = "<group>"; };
		6BA3AAA71F4EF86100CE75E6 /* VirtualObjects.json */ = {isa = PBXFileReference; fileEncoding = 4; lastKnownFileType = text.json; path = VirtualObjects.json; sourceTree = "<group>"; };
		6BA3AAA91F4EF86100CE75E6 /* ARSCNView+HitTests.swift */ = {isa = PBXFileReference; fileEncoding = 4; lastKnownFileType = sourcecode.swift; path = "ARSCNView+HitTests.swift"; sourceTree = "<group>"; };
		6BA3AAAA1F4EF86100CE75E6 /* SceneExtensions.swift */ = {isa = PBXFileReference; fileEncoding = 4; lastKnownFileType = sourcecode.swift; path = SceneExtensions.swift; sourceTree = "<group>"; };
		6BA3AAAB1F4EF86100CE75E6 /* TextManager.swift */ = {isa = PBXFileReference; fileEncoding = 4; lastKnownFileType = sourcecode.swift; path = TextManager.swift; sourceTree = "<group>"; };
		6BA3AAAC1F4EF86100CE75E6 /* Utilities.swift */ = {isa = PBXFileReference; fileEncoding = 4; lastKnownFileType = sourcecode.swift; path = Utilities.swift; sourceTree = "<group>"; };
		6BA3AABB1F4EF89500CE75E6 /* VirtualObject.swift */ = {isa = PBXFileReference; fileEncoding = 4; lastKnownFileType = sourcecode.swift; path = VirtualObject.swift; sourceTree = "<group>"; };
		6BA3AABD1F4EF8C700CE75E6 /* ViewController+Actions.swift */ = {isa = PBXFileReference; fileEncoding = 4; lastKnownFileType = sourcecode.swift; path = "ViewController+Actions.swift"; sourceTree = "<group>"; };
		6BA3AABE1F4EF8C700CE75E6 /* ViewController+ARSCNViewDelegate.swift */ = {isa = PBXFileReference; fileEncoding = 4; lastKnownFileType = sourcecode.swift; path = "ViewController+ARSCNViewDelegate.swift"; sourceTree = "<group>"; };
		6BA3AABF1F4EF8C700CE75E6 /* ViewController.swift */ = {isa = PBXFileReference; fileEncoding = 4; lastKnownFileType = sourcecode.swift; path = ViewController.swift; sourceTree = "<group>"; };
		6BA3AAC01F4EF8C700CE75E6 /* ViewController+ObjectSelection.swift */ = {isa = PBXFileReference; fileEncoding = 4; lastKnownFileType = sourcecode.swift; path = "ViewController+ObjectSelection.swift"; sourceTree = "<group>"; };
		6BA3AAC51F4F053300CE75E6 /* SceneAssets.scnassets */ = {isa = PBXFileReference; lastKnownFileType = wrapper.scnassets; path = SceneAssets.scnassets; sourceTree = "<group>"; };
		6BA3AAC71F4F0CAD00CE75E6 /* ViewController+Document.swift */ = {isa = PBXFileReference; fileEncoding = 4; lastKnownFileType = sourcecode.swift; path = "ViewController+Document.swift"; sourceTree = "<group>"; };
		6BA3AAE81F4F1A3D00CE75E6 /* libz.tbd */ = {isa = PBXFileReference; lastKnownFileType = "sourcecode.text-based-dylib-definition"; name = libz.tbd; path = usr/lib/libz.tbd; sourceTree = SDKROOT; };
		6BA3AB281F4F1BB500CE75E6 /* FMEAR-Bridging-Header.h */ = {isa = PBXFileReference; lastKnownFileType = sourcecode.c.h; path = "FMEAR-Bridging-Header.h"; sourceTree = "<group>"; };
		6BA3AB291F4F1BB600CE75E6 /* SSZipArchive.h */ = {isa = PBXFileReference; fileEncoding = 4; lastKnownFileType = sourcecode.c.h; name = SSZipArchive.h; path = SSZipArchive/SSZipArchive.h; sourceTree = "<group>"; };
		6BA3AB2A1F4F1BB600CE75E6 /* SSZipCommon.h */ = {isa = PBXFileReference; fileEncoding = 4; lastKnownFileType = sourcecode.c.h; name = SSZipCommon.h; path = SSZipArchive/SSZipCommon.h; sourceTree = "<group>"; };
		6BA3AB2B1F4F1BB600CE75E6 /* SSZipArchive.m */ = {isa = PBXFileReference; fileEncoding = 4; lastKnownFileType = sourcecode.c.objc; name = SSZipArchive.m; path = SSZipArchive/SSZipArchive.m; sourceTree = "<group>"; };
		6BA3AB2C1F4F1BB600CE75E6 /* ZipArchive.h */ = {isa = PBXFileReference; fileEncoding = 4; lastKnownFileType = sourcecode.c.h; name = ZipArchive.h; path = SSZipArchive/ZipArchive.h; sourceTree = "<group>"; };
		6BA3AB2E1F4F1C2800CE75E6 /* SSZipArchive+Swift.swift */ = {isa = PBXFileReference; fileEncoding = 4; lastKnownFileType = sourcecode.swift; name = "SSZipArchive+Swift.swift"; path = "SSZipArchive/SSZipArchive+Swift.swift"; sourceTree = "<group>"; };
		6BA3AB321F4F1D4800CE75E6 /* aes.h */ = {isa = PBXFileReference; fileEncoding = 4; lastKnownFileType = sourcecode.c.h; path = aes.h; sourceTree = "<group>"; };
		6BA3AB331F4F1D4800CE75E6 /* aes_ni.c */ = {isa = PBXFileReference; fileEncoding = 4; lastKnownFileType = sourcecode.c.c; path = aes_ni.c; sourceTree = "<group>"; };
		6BA3AB341F4F1D4800CE75E6 /* aes_ni.h */ = {isa = PBXFileReference; fileEncoding = 4; lastKnownFileType = sourcecode.c.h; path = aes_ni.h; sourceTree = "<group>"; };
		6BA3AB351F4F1D4800CE75E6 /* aescrypt.c */ = {isa = PBXFileReference; fileEncoding = 4; lastKnownFileType = sourcecode.c.c; path = aescrypt.c; sourceTree = "<group>"; };
		6BA3AB361F4F1D4800CE75E6 /* aeskey.c */ = {isa = PBXFileReference; fileEncoding = 4; lastKnownFileType = sourcecode.c.c; path = aeskey.c; sourceTree = "<group>"; };
		6BA3AB371F4F1D4800CE75E6 /* aesopt.h */ = {isa = PBXFileReference; fileEncoding = 4; lastKnownFileType = sourcecode.c.h; path = aesopt.h; sourceTree = "<group>"; };
		6BA3AB381F4F1D4800CE75E6 /* aestab.c */ = {isa = PBXFileReference; fileEncoding = 4; lastKnownFileType = sourcecode.c.c; path = aestab.c; sourceTree = "<group>"; };
		6BA3AB391F4F1D4800CE75E6 /* aestab.h */ = {isa = PBXFileReference; fileEncoding = 4; lastKnownFileType = sourcecode.c.h; path = aestab.h; sourceTree = "<group>"; };
		6BA3AB3A1F4F1D4800CE75E6 /* brg_endian.h */ = {isa = PBXFileReference; fileEncoding = 4; lastKnownFileType = sourcecode.c.h; path = brg_endian.h; sourceTree = "<group>"; };
		6BA3AB3B1F4F1D4800CE75E6 /* brg_types.h */ = {isa = PBXFileReference; fileEncoding = 4; lastKnownFileType = sourcecode.c.h; path = brg_types.h; sourceTree = "<group>"; };
		6BA3AB3C1F4F1D4800CE75E6 /* fileenc.c */ = {isa = PBXFileReference; fileEncoding = 4; lastKnownFileType = sourcecode.c.c; path = fileenc.c; sourceTree = "<group>"; };
		6BA3AB3D1F4F1D4800CE75E6 /* fileenc.h */ = {isa = PBXFileReference; fileEncoding = 4; lastKnownFileType = sourcecode.c.h; path = fileenc.h; sourceTree = "<group>"; };
		6BA3AB3E1F4F1D4800CE75E6 /* hmac.c */ = {isa = PBXFileReference; fileEncoding = 4; lastKnownFileType = sourcecode.c.c; path = hmac.c; sourceTree = "<group>"; };
		6BA3AB3F1F4F1D4800CE75E6 /* hmac.h */ = {isa = PBXFileReference; fileEncoding = 4; lastKnownFileType = sourcecode.c.h; path = hmac.h; sourceTree = "<group>"; };
		6BA3AB401F4F1D4800CE75E6 /* prng.c */ = {isa = PBXFileReference; fileEncoding = 4; lastKnownFileType = sourcecode.c.c; path = prng.c; sourceTree = "<group>"; };
		6BA3AB411F4F1D4800CE75E6 /* prng.h */ = {isa = PBXFileReference; fileEncoding = 4; lastKnownFileType = sourcecode.c.h; path = prng.h; sourceTree = "<group>"; };
		6BA3AB421F4F1D4800CE75E6 /* pwd2key.c */ = {isa = PBXFileReference; fileEncoding = 4; lastKnownFileType = sourcecode.c.c; path = pwd2key.c; sourceTree = "<group>"; };
		6BA3AB431F4F1D4800CE75E6 /* pwd2key.h */ = {isa = PBXFileReference; fileEncoding = 4; lastKnownFileType = sourcecode.c.h; path = pwd2key.h; sourceTree = "<group>"; };
		6BA3AB441F4F1D4800CE75E6 /* sha1.c */ = {isa = PBXFileReference; fileEncoding = 4; lastKnownFileType = sourcecode.c.c; path = sha1.c; sourceTree = "<group>"; };
		6BA3AB451F4F1D4800CE75E6 /* sha1.h */ = {isa = PBXFileReference; fileEncoding = 4; lastKnownFileType = sourcecode.c.h; path = sha1.h; sourceTree = "<group>"; };
		6BA3AB461F4F1D4800CE75E6 /* crypt.c */ = {isa = PBXFileReference; fileEncoding = 4; lastKnownFileType = sourcecode.c.c; path = crypt.c; sourceTree = "<group>"; };
		6BA3AB471F4F1D4800CE75E6 /* crypt.h */ = {isa = PBXFileReference; fileEncoding = 4; lastKnownFileType = sourcecode.c.h; path = crypt.h; sourceTree = "<group>"; };
		6BA3AB481F4F1D4800CE75E6 /* ioapi.c */ = {isa = PBXFileReference; fileEncoding = 4; lastKnownFileType = sourcecode.c.c; path = ioapi.c; sourceTree = "<group>"; };
		6BA3AB491F4F1D4800CE75E6 /* ioapi.h */ = {isa = PBXFileReference; fileEncoding = 4; lastKnownFileType = sourcecode.c.h; path = ioapi.h; sourceTree = "<group>"; };
		6BA3AB4A1F4F1D4800CE75E6 /* ioapi_buf.c */ = {isa = PBXFileReference; fileEncoding = 4; lastKnownFileType = sourcecode.c.c; path = ioapi_buf.c; sourceTree = "<group>"; };
		6BA3AB4B1F4F1D4800CE75E6 /* ioapi_buf.h */ = {isa = PBXFileReference; fileEncoding = 4; lastKnownFileType = sourcecode.c.h; path = ioapi_buf.h; sourceTree = "<group>"; };
		6BA3AB4C1F4F1D4800CE75E6 /* ioapi_mem.c */ = {isa = PBXFileReference; fileEncoding = 4; lastKnownFileType = sourcecode.c.c; path = ioapi_mem.c; sourceTree = "<group>"; };
		6BA3AB4D1F4F1D4800CE75E6 /* ioapi_mem.h */ = {isa = PBXFileReference; fileEncoding = 4; lastKnownFileType = sourcecode.c.h; path = ioapi_mem.h; sourceTree = "<group>"; };
		6BA3AB4E1F4F1D4800CE75E6 /* minishared.c */ = {isa = PBXFileReference; fileEncoding = 4; lastKnownFileType = sourcecode.c.c; path = minishared.c; sourceTree = "<group>"; };
		6BA3AB4F1F4F1D4800CE75E6 /* minishared.h */ = {isa = PBXFileReference; fileEncoding = 4; lastKnownFileType = sourcecode.c.h; path = minishared.h; sourceTree = "<group>"; };
		6BA3AB501F4F1D4800CE75E6 /* unzip.c */ = {isa = PBXFileReference; fileEncoding = 4; lastKnownFileType = sourcecode.c.c; path = unzip.c; sourceTree = "<group>"; };
		6BA3AB511F4F1D4800CE75E6 /* unzip.h */ = {isa = PBXFileReference; fileEncoding = 4; lastKnownFileType = sourcecode.c.h; path = unzip.h; sourceTree = "<group>"; };
		6BA3AB521F4F1D4800CE75E6 /* zip.c */ = {isa = PBXFileReference; fileEncoding = 4; lastKnownFileType = sourcecode.c.c; path = zip.c; sourceTree = "<group>"; };
		6BA3AB531F4F1D4800CE75E6 /* zip.h */ = {isa = PBXFileReference; fileEncoding = 4; lastKnownFileType = sourcecode.c.h; path = zip.h; sourceTree = "<group>"; };
		6BA8519620478BA1009D26B4 /* fmeLogo.png */ = {isa = PBXFileReference; lastKnownFileType = image.png; path = fmeLogo.png; sourceTree = "<group>"; };
		6BA85198204A3610009D26B4 /* AssetTableViewController.swift */ = {isa = PBXFileReference; lastKnownFileType = sourcecode.swift; path = AssetTableViewController.swift; sourceTree = "<group>"; };
		6BA973CB24B489E100EE9F83 /* DesignSystem.swift */ = {isa = PBXFileReference; lastKnownFileType = sourcecode.swift; path = DesignSystem.swift; sourceTree = "<group>"; };
		6BAAA914231F21FD00E95C6B /* RoundButton.swift */ = {isa = PBXFileReference; lastKnownFileType = sourcecode.swift; path = RoundButton.swift; sourceTree = "<group>"; };
		6BAAA9162320454400E95C6B /* ScaleOptionsViewController.swift */ = {isa = PBXFileReference; fileEncoding = 4; lastKnownFileType = sourcecode.swift; path = ScaleOptionsViewController.swift; sourceTree = "<group>"; };
		6BD2FB2424D11A0900597781 /* Colors.xcassets */ = {isa = PBXFileReference; lastKnownFileType = folder.assetcatalog; path = Colors.xcassets; sourceTree = "<group>"; };
		6BE08D6824CC461B002A1229 /* LabelNode.swift */ = {isa = PBXFileReference; lastKnownFileType = sourcecode.swift; path = LabelNode.swift; sourceTree = "<group>"; };
		6BF22FDB24D16A7F00632222 /* Colors.swift */ = {isa = PBXFileReference; lastKnownFileType = sourcecode.swift; path = Colors.swift; sourceTree = "<group>"; };
		6BF22FDD24D1948B00632222 /* PointyLabelNode.swift */ = {isa = PBXFileReference; lastKnownFileType = sourcecode.swift; path = PointyLabelNode.swift; sourceTree = "<group>"; };
		6BF718BE23443F060050434D /* MapKit.framework */ = {isa = PBXFileReference; lastKnownFileType = wrapper.framework; name = MapKit.framework; path = System/Library/Frameworks/MapKit.framework; sourceTree = SDKROOT; };
		6BF718C023452B710050434D /* LocationService.swift */ = {isa = PBXFileReference; lastKnownFileType = sourcecode.swift; path = LocationService.swift; sourceTree = "<group>"; };
		6BF718C2234D5C1A0050434D /* Settings.swift */ = {isa = PBXFileReference; lastKnownFileType = sourcecode.swift; path = Settings.swift; sourceTree = "<group>"; };
		6BF718C8234E90990050434D /* FMEARTests.xctest */ = {isa = PBXFileReference; explicitFileType = wrapper.cfbundle; includeInIndex = 0; path = FMEARTests.xctest; sourceTree = BUILT_PRODUCTS_DIR; };
		6BF718CA234E90990050434D /* FMEARTests.swift */ = {isa = PBXFileReference; lastKnownFileType = sourcecode.swift; path = FMEARTests.swift; sourceTree = "<group>"; };
		6BF718CC234E90990050434D /* Info.plist */ = {isa = PBXFileReference; lastKnownFileType = text.plist.xml; path = Info.plist; sourceTree = "<group>"; };
/* End PBXFileReference section */

/* Begin PBXFrameworksBuildPhase section */
		6BA3AA5B1F4EF66F00CE75E6 /* Frameworks */ = {
			isa = PBXFrameworksBuildPhase;
			buildActionMask = 2147483647;
			files = (
				6BF718BF23443F060050434D /* MapKit.framework in Frameworks */,
			);
			runOnlyForDeploymentPostprocessing = 0;
		};
		6BF718C5234E90990050434D /* Frameworks */ = {
			isa = PBXFrameworksBuildPhase;
			buildActionMask = 2147483647;
			files = (
			);
			runOnlyForDeploymentPostprocessing = 0;
		};
/* End PBXFrameworksBuildPhase section */

/* Begin PBXGroup section */
		6B2A1F76232C27840003240D /* View Models */ = {
			isa = PBXGroup;
			children = (
				6B9F905B232C2816009FF7E5 /* ScaleOptionsViewModel.swift */,
			);
			path = "View Models";
			sourceTree = "<group>";
		};
		6B2F710220214AF7003812DB /* Document Icons */ = {
			isa = PBXGroup;
			children = (
				6B2F710520214B28003812DB /* DocumentIcon-fmear-22x29px.png */,
				6B2F710620214B29003812DB /* DocumentIcon-fmear-44x58px.png */,
				6B2F710420214B27003812DB /* DocumentIcon-fmear-64x64px.png */,
				6B2F710320214B25003812DB /* DocumentIcon-fmear-320x320px.png */,
			);
			path = "Document Icons";
			sourceTree = "<group>";
		};
		6BA3AA551F4EF66F00CE75E6 = {
			isa = PBXGroup;
			children = (
				6BA3AAE81F4F1A3D00CE75E6 /* libz.tbd */,
				6BA3AA601F4EF66F00CE75E6 /* FMEAR */,
				6BF718C9234E90990050434D /* FMEARTests */,
				6BA3AA5F1F4EF66F00CE75E6 /* Products */,
				6BF718BD23443F060050434D /* Frameworks */,
			);
			sourceTree = "<group>";
		};
		6BA3AA5F1F4EF66F00CE75E6 /* Products */ = {
			isa = PBXGroup;
			children = (
				6BA3AA5E1F4EF66F00CE75E6 /* FME AR.app */,
				6BF718C8234E90990050434D /* FMEARTests.xctest */,
			);
			name = Products;
			sourceTree = "<group>";
		};
		6BA3AA601F4EF66F00CE75E6 /* FMEAR */ = {
			isa = PBXGroup;
			children = (
				345D836A24525460000E0F10 /* FME AR.entitlements */,
				6B2A1F76232C27840003240D /* View Models */,
				6BA8519520478B73009D26B4 /* Images */,
				6B2F710220214AF7003812DB /* Document Icons */,
				6BA3AB271F4F1B8E00CE75E6 /* 3rd */,
				6BA3AAC51F4F053300CE75E6 /* SceneAssets.scnassets */,
				6BA3AABF1F4EF8C700CE75E6 /* ViewController.swift */,
				6BA3AABD1F4EF8C700CE75E6 /* ViewController+Actions.swift */,
				6BA3AABE1F4EF8C700CE75E6 /* ViewController+ARSCNViewDelegate.swift */,
				6BF718C023452B710050434D /* LocationService.swift */,
				6BA3AABB1F4EF89500CE75E6 /* VirtualObject.swift */,
				6BA3AAC01F4EF8C700CE75E6 /* ViewController+ObjectSelection.swift */,
				6BA3AAC71F4F0CAD00CE75E6 /* ViewController+Document.swift */,
				6B5162D223594D77003CEC8C /* GeolocationMarkerNode.swift */,
				6BA3AAA21F4EF86100CE75E6 /* Additional View Controllers */,
				6BA3AA991F4EF86100CE75E6 /* UI Elements */,
				6BA3AAA81F4EF86100CE75E6 /* Utilities */,
				6BA3AAA51F4EF86100CE75E6 /* Virtual Objects */,
				6BA3AA611F4EF66F00CE75E6 /* AppDelegate.swift */,
				6BA3AA631F4EF66F00CE75E6 /* DocumentBrowserViewController.swift */,
				6BA3AA651F4EF66F00CE75E6 /* DocumentViewController.swift */,
				6BA3AA671F4EF66F00CE75E6 /* Document.swift */,
				6BA3AA691F4EF66F00CE75E6 /* Main.storyboard */,
				6BA3AA6C1F4EF66F00CE75E6 /* Assets.xcassets */,
				6BD2FB2424D11A0900597781 /* Colors.xcassets */,
				6BA3AA6E1F4EF66F00CE75E6 /* LaunchScreen.storyboard */,
				6BA3AA711F4EF66F00CE75E6 /* Info.plist */,
				6BF718C2234D5C1A0050434D /* Settings.swift */,
				6B5162D4235A4F9B003CEC8C /* OverlaySKScene.swift */,
				6BE08D6824CC461B002A1229 /* LabelNode.swift */,
				6BF22FDD24D1948B00632222 /* PointyLabelNode.swift */,
				6BA973CB24B489E100EE9F83 /* DesignSystem.swift */,
				6BF22FDB24D16A7F00632222 /* Colors.swift */,
			);
			path = FMEAR;
			sourceTree = "<group>";
		};
		6BA3AA991F4EF86100CE75E6 /* UI Elements */ = {
			isa = PBXGroup;
			children = (
				6BA3AA9A1F4EF86100CE75E6 /* Focus Squares */,
				6BA3AA9D1F4EF86100CE75E6 /* Gestures */,
				6BA3AAA11F4EF86100CE75E6 /* Plane.swift */,
				6BAAA914231F21FD00E95C6B /* RoundButton.swift */,
			);
			path = "UI Elements";
			sourceTree = "<group>";
		};
		6BA3AA9A1F4EF86100CE75E6 /* Focus Squares */ = {
			isa = PBXGroup;
			children = (
				6BA3AA9B1F4EF86100CE75E6 /* FocusSquare.swift */,
				6BA3AA9C1F4EF86100CE75E6 /* FocusSquareSegment.swift */,
			);
			path = "Focus Squares";
			sourceTree = "<group>";
		};
		6BA3AA9D1F4EF86100CE75E6 /* Gestures */ = {
			isa = PBXGroup;
			children = (
				6BA3AA9E1F4EF86100CE75E6 /* Gesture.swift */,
				6BA3AA9F1F4EF86100CE75E6 /* SingleFingerGesture.swift */,
				6BA3AAA01F4EF86100CE75E6 /* TwoFingerGesture.swift */,
			);
			path = Gestures;
			sourceTree = "<group>";
		};
		6BA3AAA21F4EF86100CE75E6 /* Additional View Controllers */ = {
			isa = PBXGroup;
			children = (
				6BAAA9162320454400E95C6B /* ScaleOptionsViewController.swift */,
				6BA3AAA31F4EF86100CE75E6 /* SettingsViewController.swift */,
				6BA3AAA41F4EF86100CE75E6 /* VirtualObjectSelectionViewController.swift */,
				6BA85198204A3610009D26B4 /* AssetTableViewController.swift */,
			);
			path = "Additional View Controllers";
			sourceTree = "<group>";
		};
		6BA3AAA51F4EF86100CE75E6 /* Virtual Objects */ = {
			isa = PBXGroup;
			children = (
				6BA3AAA61F4EF86100CE75E6 /* VirtualObjectManager.swift */,
				6BA3AAA71F4EF86100CE75E6 /* VirtualObjects.json */,
			);
			path = "Virtual Objects";
			sourceTree = "<group>";
		};
		6BA3AAA81F4EF86100CE75E6 /* Utilities */ = {
			isa = PBXGroup;
			children = (
				6BA3AAA91F4EF86100CE75E6 /* ARSCNView+HitTests.swift */,
				6BA3AAAA1F4EF86100CE75E6 /* SceneExtensions.swift */,
				6BA3AAAB1F4EF86100CE75E6 /* TextManager.swift */,
				6BA3AAAC1F4EF86100CE75E6 /* Utilities.swift */,
			);
			path = Utilities;
			sourceTree = "<group>";
		};
		6BA3AB271F4F1B8E00CE75E6 /* 3rd */ = {
			isa = PBXGroup;
			children = (
				6BA3AB301F4F1D4800CE75E6 /* minizip */,
				6BA3AB2E1F4F1C2800CE75E6 /* SSZipArchive+Swift.swift */,
				6BA3AB291F4F1BB600CE75E6 /* SSZipArchive.h */,
				6BA3AB2B1F4F1BB600CE75E6 /* SSZipArchive.m */,
				6BA3AB2A1F4F1BB600CE75E6 /* SSZipCommon.h */,
				6BA3AB2C1F4F1BB600CE75E6 /* ZipArchive.h */,
				6BA3AB281F4F1BB500CE75E6 /* FMEAR-Bridging-Header.h */,
			);
			path = 3rd;
			sourceTree = "<group>";
		};
		6BA3AB301F4F1D4800CE75E6 /* minizip */ = {
			isa = PBXGroup;
			children = (
				6BA3AB311F4F1D4800CE75E6 /* aes */,
				6BA3AB461F4F1D4800CE75E6 /* crypt.c */,
				6BA3AB471F4F1D4800CE75E6 /* crypt.h */,
				6BA3AB481F4F1D4800CE75E6 /* ioapi.c */,
				6BA3AB491F4F1D4800CE75E6 /* ioapi.h */,
				6BA3AB4A1F4F1D4800CE75E6 /* ioapi_buf.c */,
				6BA3AB4B1F4F1D4800CE75E6 /* ioapi_buf.h */,
				6BA3AB4C1F4F1D4800CE75E6 /* ioapi_mem.c */,
				6BA3AB4D1F4F1D4800CE75E6 /* ioapi_mem.h */,
				6BA3AB4E1F4F1D4800CE75E6 /* minishared.c */,
				6BA3AB4F1F4F1D4800CE75E6 /* minishared.h */,
				6BA3AB501F4F1D4800CE75E6 /* unzip.c */,
				6BA3AB511F4F1D4800CE75E6 /* unzip.h */,
				6BA3AB521F4F1D4800CE75E6 /* zip.c */,
				6BA3AB531F4F1D4800CE75E6 /* zip.h */,
			);
			name = minizip;
			path = SSZipArchive/minizip;
			sourceTree = "<group>";
		};
		6BA3AB311F4F1D4800CE75E6 /* aes */ = {
			isa = PBXGroup;
			children = (
				6BA3AB321F4F1D4800CE75E6 /* aes.h */,
				6BA3AB331F4F1D4800CE75E6 /* aes_ni.c */,
				6BA3AB341F4F1D4800CE75E6 /* aes_ni.h */,
				6BA3AB351F4F1D4800CE75E6 /* aescrypt.c */,
				6BA3AB361F4F1D4800CE75E6 /* aeskey.c */,
				6BA3AB371F4F1D4800CE75E6 /* aesopt.h */,
				6BA3AB381F4F1D4800CE75E6 /* aestab.c */,
				6BA3AB391F4F1D4800CE75E6 /* aestab.h */,
				6BA3AB3A1F4F1D4800CE75E6 /* brg_endian.h */,
				6BA3AB3B1F4F1D4800CE75E6 /* brg_types.h */,
				6BA3AB3C1F4F1D4800CE75E6 /* fileenc.c */,
				6BA3AB3D1F4F1D4800CE75E6 /* fileenc.h */,
				6BA3AB3E1F4F1D4800CE75E6 /* hmac.c */,
				6BA3AB3F1F4F1D4800CE75E6 /* hmac.h */,
				6BA3AB401F4F1D4800CE75E6 /* prng.c */,
				6BA3AB411F4F1D4800CE75E6 /* prng.h */,
				6BA3AB421F4F1D4800CE75E6 /* pwd2key.c */,
				6BA3AB431F4F1D4800CE75E6 /* pwd2key.h */,
				6BA3AB441F4F1D4800CE75E6 /* sha1.c */,
				6BA3AB451F4F1D4800CE75E6 /* sha1.h */,
			);
			path = aes;
			sourceTree = "<group>";
		};
		6BA8519520478B73009D26B4 /* Images */ = {
			isa = PBXGroup;
			children = (
				6BA8519620478BA1009D26B4 /* fmeLogo.png */,
			);
			path = Images;
			sourceTree = "<group>";
		};
		6BF718BD23443F060050434D /* Frameworks */ = {
			isa = PBXGroup;
			children = (
				6BF718BE23443F060050434D /* MapKit.framework */,
			);
			name = Frameworks;
			sourceTree = "<group>";
		};
		6BF718C9234E90990050434D /* FMEARTests */ = {
			isa = PBXGroup;
			children = (
				6BF718CA234E90990050434D /* FMEARTests.swift */,
				6BF718CC234E90990050434D /* Info.plist */,
			);
			path = FMEARTests;
			sourceTree = "<group>";
		};
/* End PBXGroup section */

/* Begin PBXNativeTarget section */
		6BA3AA5D1F4EF66F00CE75E6 /* FMEAR */ = {
			isa = PBXNativeTarget;
			buildConfigurationList = 6BA3AA741F4EF66F00CE75E6 /* Build configuration list for PBXNativeTarget "FMEAR" */;
			buildPhases = (
				6BA3AA5A1F4EF66F00CE75E6 /* Sources */,
				6BA3AA5B1F4EF66F00CE75E6 /* Frameworks */,
				6BA3AA5C1F4EF66F00CE75E6 /* Resources */,
			);
			buildRules = (
			);
			dependencies = (
			);
			name = FMEAR;
			productName = FMEAR;
			productReference = 6BA3AA5E1F4EF66F00CE75E6 /* FME AR.app */;
			productType = "com.apple.product-type.application";
		};
		6BF718C7234E90990050434D /* FMEARTests */ = {
			isa = PBXNativeTarget;
			buildConfigurationList = 6BF718CF234E90990050434D /* Build configuration list for PBXNativeTarget "FMEARTests" */;
			buildPhases = (
				6BF718C4234E90990050434D /* Sources */,
				6BF718C5234E90990050434D /* Frameworks */,
				6BF718C6234E90990050434D /* Resources */,
			);
			buildRules = (
			);
			dependencies = (
				6BF718CE234E90990050434D /* PBXTargetDependency */,
			);
			name = FMEARTests;
			productName = FMEARTests;
			productReference = 6BF718C8234E90990050434D /* FMEARTests.xctest */;
			productType = "com.apple.product-type.bundle.unit-test";
		};
/* End PBXNativeTarget section */

/* Begin PBXProject section */
		6BA3AA561F4EF66F00CE75E6 /* Project object */ = {
			isa = PBXProject;
			attributes = {
				LastSwiftUpdateCheck = 1100;
				LastUpgradeCheck = 0930;
				ORGANIZATIONNAME = "Safe Software Inc.";
				TargetAttributes = {
					6BA3AA5D1F4EF66F00CE75E6 = {
						CreatedOnToolsVersion = 9.0;
						LastSwiftMigration = 1030;
						ProvisioningStyle = Automatic;
					};
					6BF718C7234E90990050434D = {
						CreatedOnToolsVersion = 11.0;
						ProvisioningStyle = Automatic;
						TestTargetID = 6BA3AA5D1F4EF66F00CE75E6;
					};
				};
			};
			buildConfigurationList = 6BA3AA591F4EF66F00CE75E6 /* Build configuration list for PBXProject "FMEAR" */;
			compatibilityVersion = "Xcode 8.0";
			developmentRegion = en;
			hasScannedForEncodings = 0;
			knownRegions = (
				en,
				Base,
			);
			mainGroup = 6BA3AA551F4EF66F00CE75E6;
			productRefGroup = 6BA3AA5F1F4EF66F00CE75E6 /* Products */;
			projectDirPath = "";
			projectRoot = "";
			targets = (
				6BA3AA5D1F4EF66F00CE75E6 /* FMEAR */,
				6BF718C7234E90990050434D /* FMEARTests */,
			);
		};
/* End PBXProject section */

/* Begin PBXResourcesBuildPhase section */
		6BA3AA5C1F4EF66F00CE75E6 /* Resources */ = {
			isa = PBXResourcesBuildPhase;
			buildActionMask = 2147483647;
			files = (
				6BA3AAB61F4EF86100CE75E6 /* VirtualObjects.json in Resources */,
				6BA3AA701F4EF66F00CE75E6 /* LaunchScreen.storyboard in Resources */,
				6BD2FB2524D11A0900597781 /* Colors.xcassets in Resources */,
				6BA3AA6D1F4EF66F00CE75E6 /* Assets.xcassets in Resources */,
				6B2F710A20214B2A003812DB /* DocumentIcon-fmear-44x58px.png in Resources */,
				6BA3AAC61F4F053300CE75E6 /* SceneAssets.scnassets in Resources */,
				6B2F710820214B2A003812DB /* DocumentIcon-fmear-64x64px.png in Resources */,
				6B2F710920214B2A003812DB /* DocumentIcon-fmear-22x29px.png in Resources */,
				6BA8519720478BA2009D26B4 /* fmeLogo.png in Resources */,
				6B2F710720214B2A003812DB /* DocumentIcon-fmear-320x320px.png in Resources */,
				6BA3AA6B1F4EF66F00CE75E6 /* Main.storyboard in Resources */,
			);
			runOnlyForDeploymentPostprocessing = 0;
		};
		6BF718C6234E90990050434D /* Resources */ = {
			isa = PBXResourcesBuildPhase;
			buildActionMask = 2147483647;
			files = (
			);
			runOnlyForDeploymentPostprocessing = 0;
		};
/* End PBXResourcesBuildPhase section */

/* Begin PBXSourcesBuildPhase section */
		6BA3AA5A1F4EF66F00CE75E6 /* Sources */ = {
			isa = PBXSourcesBuildPhase;
			buildActionMask = 2147483647;
			files = (
				6BA3AAB81F4EF86100CE75E6 /* SceneExtensions.swift in Sources */,
				6BA3AB5B1F4F1D4800CE75E6 /* pwd2key.c in Sources */,
				6BE08D6924CC461B002A1229 /* LabelNode.swift in Sources */,
				6B9F905C232C2816009FF7E5 /* ScaleOptionsViewModel.swift in Sources */,
				6BA3AAB41F4EF86100CE75E6 /* VirtualObjectSelectionViewController.swift in Sources */,
				6BA3AB571F4F1D4800CE75E6 /* aestab.c in Sources */,
				6BA3AB5D1F4F1D4800CE75E6 /* crypt.c in Sources */,
				6BA3AAC11F4EF8C700CE75E6 /* ViewController+Actions.swift in Sources */,
				6BA3AB621F4F1D4800CE75E6 /* unzip.c in Sources */,
				6BA3AB5E1F4F1D4800CE75E6 /* ioapi.c in Sources */,
				6B5162D5235A4F9B003CEC8C /* OverlaySKScene.swift in Sources */,
				6BF22FDE24D1948B00632222 /* PointyLabelNode.swift in Sources */,
				6BF718C3234D5C1A0050434D /* Settings.swift in Sources */,
				6BA3AAB51F4EF86100CE75E6 /* VirtualObjectManager.swift in Sources */,
				6BA3AAB71F4EF86100CE75E6 /* ARSCNView+HitTests.swift in Sources */,
				6BA85199204A3610009D26B4 /* AssetTableViewController.swift in Sources */,
				6BA3AAB11F4EF86100CE75E6 /* TwoFingerGesture.swift in Sources */,
				6BA3AAB01F4EF86100CE75E6 /* SingleFingerGesture.swift in Sources */,
				6BA3AB561F4F1D4800CE75E6 /* aeskey.c in Sources */,
				6BA3AB631F4F1D4800CE75E6 /* zip.c in Sources */,
				6BA3AAB31F4EF86100CE75E6 /* SettingsViewController.swift in Sources */,
				6BA3AAC81F4F0CAD00CE75E6 /* ViewController+Document.swift in Sources */,
				6BF22FDC24D16A7F00632222 /* Colors.swift in Sources */,
				6BA3AB5F1F4F1D4800CE75E6 /* ioapi_buf.c in Sources */,
				6BA3AAC21F4EF8C700CE75E6 /* ViewController+ARSCNViewDelegate.swift in Sources */,
				6BA3AB611F4F1D4800CE75E6 /* minishared.c in Sources */,
				6BA3AB601F4F1D4800CE75E6 /* ioapi_mem.c in Sources */,
				6BA3AAB21F4EF86100CE75E6 /* Plane.swift in Sources */,
				6BA3AAAF1F4EF86100CE75E6 /* Gesture.swift in Sources */,
				6BA973CC24B489E100EE9F83 /* DesignSystem.swift in Sources */,
				6BA3AB5A1F4F1D4800CE75E6 /* prng.c in Sources */,
				6B5162D323594D77003CEC8C /* GeolocationMarkerNode.swift in Sources */,
				6BA3AA681F4EF66F00CE75E6 /* Document.swift in Sources */,
				6BA3AABA1F4EF86100CE75E6 /* Utilities.swift in Sources */,
				6BA3AAAE1F4EF86100CE75E6 /* FocusSquareSegment.swift in Sources */,
				6BA3AA661F4EF66F00CE75E6 /* DocumentViewController.swift in Sources */,
				6BAAA915231F21FD00E95C6B /* RoundButton.swift in Sources */,
				6BA3AB5C1F4F1D4800CE75E6 /* sha1.c in Sources */,
				6BA3AB581F4F1D4800CE75E6 /* fileenc.c in Sources */,
				6BA3AAB91F4EF86100CE75E6 /* TextManager.swift in Sources */,
				6BA3AB2F1F4F1C2800CE75E6 /* SSZipArchive+Swift.swift in Sources */,
				6BA3AABC1F4EF89500CE75E6 /* VirtualObject.swift in Sources */,
				6BA3AA641F4EF66F00CE75E6 /* DocumentBrowserViewController.swift in Sources */,
				6BA3AB541F4F1D4800CE75E6 /* aes_ni.c in Sources */,
				6BA3AAC41F4EF8C700CE75E6 /* ViewController+ObjectSelection.swift in Sources */,
				6BA3AB2D1F4F1BB600CE75E6 /* SSZipArchive.m in Sources */,
				6BA3AAC31F4EF8C700CE75E6 /* ViewController.swift in Sources */,
				6BF718C123452B710050434D /* LocationService.swift in Sources */,
				6BA3AA621F4EF66F00CE75E6 /* AppDelegate.swift in Sources */,
				6BA3AB551F4F1D4800CE75E6 /* aescrypt.c in Sources */,
				6BA3AAAD1F4EF86100CE75E6 /* FocusSquare.swift in Sources */,
				6BAAA9172320454400E95C6B /* ScaleOptionsViewController.swift in Sources */,
				6BA3AB591F4F1D4800CE75E6 /* hmac.c in Sources */,
			);
			runOnlyForDeploymentPostprocessing = 0;
		};
		6BF718C4234E90990050434D /* Sources */ = {
			isa = PBXSourcesBuildPhase;
			buildActionMask = 2147483647;
			files = (
				6BF718CB234E90990050434D /* FMEARTests.swift in Sources */,
			);
			runOnlyForDeploymentPostprocessing = 0;
		};
/* End PBXSourcesBuildPhase section */

/* Begin PBXTargetDependency section */
		6BF718CE234E90990050434D /* PBXTargetDependency */ = {
			isa = PBXTargetDependency;
			target = 6BA3AA5D1F4EF66F00CE75E6 /* FMEAR */;
			targetProxy = 6BF718CD234E90990050434D /* PBXContainerItemProxy */;
		};
/* End PBXTargetDependency section */

/* Begin PBXVariantGroup section */
		6BA3AA691F4EF66F00CE75E6 /* Main.storyboard */ = {
			isa = PBXVariantGroup;
			children = (
				6BA3AA6A1F4EF66F00CE75E6 /* Base */,
			);
			name = Main.storyboard;
			sourceTree = "<group>";
		};
		6BA3AA6E1F4EF66F00CE75E6 /* LaunchScreen.storyboard */ = {
			isa = PBXVariantGroup;
			children = (
				6BA3AA6F1F4EF66F00CE75E6 /* Base */,
			);
			name = LaunchScreen.storyboard;
			sourceTree = "<group>";
		};
/* End PBXVariantGroup section */

/* Begin XCBuildConfiguration section */
		6BA3AA721F4EF66F00CE75E6 /* Debug */ = {
			isa = XCBuildConfiguration;
			buildSettings = {
				ALWAYS_SEARCH_USER_PATHS = NO;
				CLANG_ANALYZER_NONNULL = YES;
				CLANG_ANALYZER_NUMBER_OBJECT_CONVERSION = YES_AGGRESSIVE;
				CLANG_CXX_LANGUAGE_STANDARD = "gnu++14";
				CLANG_CXX_LIBRARY = "libc++";
				CLANG_ENABLE_MODULES = YES;
				CLANG_ENABLE_OBJC_ARC = YES;
				CLANG_WARN_BLOCK_CAPTURE_AUTORELEASING = YES;
				CLANG_WARN_BOOL_CONVERSION = YES;
				CLANG_WARN_COMMA = YES;
				CLANG_WARN_CONSTANT_CONVERSION = YES;
				CLANG_WARN_DEPRECATED_OBJC_IMPLEMENTATIONS = YES;
				CLANG_WARN_DIRECT_OBJC_ISA_USAGE = YES_ERROR;
				CLANG_WARN_DOCUMENTATION_COMMENTS = YES;
				CLANG_WARN_EMPTY_BODY = YES;
				CLANG_WARN_ENUM_CONVERSION = YES;
				CLANG_WARN_INFINITE_RECURSION = YES;
				CLANG_WARN_INT_CONVERSION = YES;
				CLANG_WARN_NON_LITERAL_NULL_CONVERSION = YES;
				CLANG_WARN_OBJC_IMPLICIT_RETAIN_SELF = YES;
				CLANG_WARN_OBJC_LITERAL_CONVERSION = YES;
				CLANG_WARN_OBJC_ROOT_CLASS = YES_ERROR;
				CLANG_WARN_RANGE_LOOP_ANALYSIS = YES;
				CLANG_WARN_STRICT_PROTOTYPES = YES;
				CLANG_WARN_SUSPICIOUS_MOVE = YES;
				CLANG_WARN_UNGUARDED_AVAILABILITY = YES_AGGRESSIVE;
				CLANG_WARN_UNREACHABLE_CODE = YES;
				CLANG_WARN__DUPLICATE_METHOD_MATCH = YES;
				CODE_SIGN_IDENTITY = "iPhone Developer";
				COPY_PHASE_STRIP = NO;
				DEBUG_INFORMATION_FORMAT = dwarf;
				ENABLE_STRICT_OBJC_MSGSEND = YES;
				ENABLE_TESTABILITY = YES;
				GCC_C_LANGUAGE_STANDARD = gnu11;
				GCC_DYNAMIC_NO_PIC = NO;
				GCC_NO_COMMON_BLOCKS = YES;
				GCC_OPTIMIZATION_LEVEL = 0;
				GCC_PREPROCESSOR_DEFINITIONS = (
					"DEBUG=1",
					"$(inherited)",
				);
				GCC_WARN_64_TO_32_BIT_CONVERSION = YES;
				GCC_WARN_ABOUT_RETURN_TYPE = YES_ERROR;
				GCC_WARN_UNDECLARED_SELECTOR = YES;
				GCC_WARN_UNINITIALIZED_AUTOS = YES_AGGRESSIVE;
				GCC_WARN_UNUSED_FUNCTION = YES;
				GCC_WARN_UNUSED_VARIABLE = YES;
				IPHONEOS_DEPLOYMENT_TARGET = 11.0;
				MTL_ENABLE_DEBUG_INFO = YES;
				ONLY_ACTIVE_ARCH = YES;
				SDKROOT = iphoneos;
				SWIFT_ACTIVE_COMPILATION_CONDITIONS = DEBUG;
				SWIFT_OPTIMIZATION_LEVEL = "-Onone";
			};
			name = Debug;
		};
		6BA3AA731F4EF66F00CE75E6 /* Release */ = {
			isa = XCBuildConfiguration;
			buildSettings = {
				ALWAYS_SEARCH_USER_PATHS = NO;
				CLANG_ANALYZER_NONNULL = YES;
				CLANG_ANALYZER_NUMBER_OBJECT_CONVERSION = YES_AGGRESSIVE;
				CLANG_CXX_LANGUAGE_STANDARD = "gnu++14";
				CLANG_CXX_LIBRARY = "libc++";
				CLANG_ENABLE_MODULES = YES;
				CLANG_ENABLE_OBJC_ARC = YES;
				CLANG_WARN_BLOCK_CAPTURE_AUTORELEASING = YES;
				CLANG_WARN_BOOL_CONVERSION = YES;
				CLANG_WARN_COMMA = YES;
				CLANG_WARN_CONSTANT_CONVERSION = YES;
				CLANG_WARN_DEPRECATED_OBJC_IMPLEMENTATIONS = YES;
				CLANG_WARN_DIRECT_OBJC_ISA_USAGE = YES_ERROR;
				CLANG_WARN_DOCUMENTATION_COMMENTS = YES;
				CLANG_WARN_EMPTY_BODY = YES;
				CLANG_WARN_ENUM_CONVERSION = YES;
				CLANG_WARN_INFINITE_RECURSION = YES;
				CLANG_WARN_INT_CONVERSION = YES;
				CLANG_WARN_NON_LITERAL_NULL_CONVERSION = YES;
				CLANG_WARN_OBJC_IMPLICIT_RETAIN_SELF = YES;
				CLANG_WARN_OBJC_LITERAL_CONVERSION = YES;
				CLANG_WARN_OBJC_ROOT_CLASS = YES_ERROR;
				CLANG_WARN_RANGE_LOOP_ANALYSIS = YES;
				CLANG_WARN_STRICT_PROTOTYPES = YES;
				CLANG_WARN_SUSPICIOUS_MOVE = YES;
				CLANG_WARN_UNGUARDED_AVAILABILITY = YES_AGGRESSIVE;
				CLANG_WARN_UNREACHABLE_CODE = YES;
				CLANG_WARN__DUPLICATE_METHOD_MATCH = YES;
				CODE_SIGN_IDENTITY = "iPhone Developer";
				COPY_PHASE_STRIP = NO;
				DEBUG_INFORMATION_FORMAT = "dwarf-with-dsym";
				ENABLE_NS_ASSERTIONS = NO;
				ENABLE_STRICT_OBJC_MSGSEND = YES;
				GCC_C_LANGUAGE_STANDARD = gnu11;
				GCC_NO_COMMON_BLOCKS = YES;
				GCC_WARN_64_TO_32_BIT_CONVERSION = YES;
				GCC_WARN_ABOUT_RETURN_TYPE = YES_ERROR;
				GCC_WARN_UNDECLARED_SELECTOR = YES;
				GCC_WARN_UNINITIALIZED_AUTOS = YES_AGGRESSIVE;
				GCC_WARN_UNUSED_FUNCTION = YES;
				GCC_WARN_UNUSED_VARIABLE = YES;
				IPHONEOS_DEPLOYMENT_TARGET = 11.0;
				MTL_ENABLE_DEBUG_INFO = NO;
				SDKROOT = iphoneos;
				SWIFT_OPTIMIZATION_LEVEL = "-Owholemodule";
				VALIDATE_PRODUCT = YES;
			};
			name = Release;
		};
		6BA3AA751F4EF66F00CE75E6 /* Debug */ = {
			isa = XCBuildConfiguration;
			buildSettings = {
				ASSETCATALOG_COMPILER_APPICON_NAME = AppIcon;
				CLANG_ENABLE_MODULES = YES;
				CODE_SIGN_ENTITLEMENTS = "FMEAR/FME AR.entitlements";
				CODE_SIGN_STYLE = Automatic;
				CURRENT_PROJECT_VERSION = 33;
				DEVELOPMENT_TEAM = B3R9YZM37G;
				FRAMEWORK_SEARCH_PATHS = "$(inherited)";
				INFOPLIST_FILE = FMEAR/Info.plist;
				IPHONEOS_DEPLOYMENT_TARGET = 11.3;
				LD_RUNPATH_SEARCH_PATHS = "$(inherited) @executable_path/Frameworks";
				MARKETING_VERSION = 1.6.0;
				PRODUCT_BUNDLE_IDENTIFIER = com.safe.fmear;
				PRODUCT_NAME = "FME AR";
				SWIFT_OBJC_BRIDGING_HEADER = "FMEAR/3rd/FMEAR-Bridging-Header.h";
				SWIFT_OPTIMIZATION_LEVEL = "-Onone";
				SWIFT_VERSION = 5.0;
				TARGETED_DEVICE_FAMILY = "1,2";
				USER_HEADER_SEARCH_PATHS = "**/**";
			};
			name = Debug;
		};
		6BA3AA761F4EF66F00CE75E6 /* Release */ = {
			isa = XCBuildConfiguration;
			buildSettings = {
				ASSETCATALOG_COMPILER_APPICON_NAME = AppIcon;
				CLANG_ENABLE_MODULES = YES;
				CODE_SIGN_ENTITLEMENTS = "FMEAR/FME AR.entitlements";
				CODE_SIGN_STYLE = Automatic;
				CURRENT_PROJECT_VERSION = 33;
				DEVELOPMENT_TEAM = B3R9YZM37G;
				FRAMEWORK_SEARCH_PATHS = "$(inherited)";
				INFOPLIST_FILE = FMEAR/Info.plist;
				IPHONEOS_DEPLOYMENT_TARGET = 11.3;
				LD_RUNPATH_SEARCH_PATHS = "$(inherited) @executable_path/Frameworks";
				MARKETING_VERSION = 1.6.0;
				PRODUCT_BUNDLE_IDENTIFIER = com.safe.fmear;
				PRODUCT_NAME = "FME AR";
				SWIFT_OBJC_BRIDGING_HEADER = "FMEAR/3rd/FMEAR-Bridging-Header.h";
				SWIFT_VERSION = 5.0;
				TARGETED_DEVICE_FAMILY = "1,2";
				USER_HEADER_SEARCH_PATHS = "**/**";
			};
			name = Release;
		};
		6BF718D0234E90990050434D /* Debug */ = {
			isa = XCBuildConfiguration;
			buildSettings = {
				BUNDLE_LOADER = "$(TEST_HOST)";
				CLANG_ENABLE_OBJC_WEAK = YES;
				"CODE_SIGN_IDENTITY[sdk=macosx*]" = "-";
				CODE_SIGN_STYLE = Automatic;
				DEVELOPMENT_TEAM = B3R9YZM37G;
				INFOPLIST_FILE = FMEARTests/Info.plist;
				IPHONEOS_DEPLOYMENT_TARGET = 13.0;
				LD_RUNPATH_SEARCH_PATHS = "$(inherited) @executable_path/Frameworks @loader_path/Frameworks";
				MTL_ENABLE_DEBUG_INFO = INCLUDE_SOURCE;
				MTL_FAST_MATH = YES;
				PRODUCT_BUNDLE_IDENTIFIER = com.safe.FMEARTests;
				PRODUCT_NAME = "$(TARGET_NAME)";
				SWIFT_OBJC_BRIDGING_HEADER = "./FMEAR/3rd/FMEAR-Bridging-Header.h";
				SWIFT_VERSION = 5.0;
				TARGETED_DEVICE_FAMILY = "1,2";
				TEST_HOST = "$(BUILT_PRODUCTS_DIR)/FME AR.app/FME AR";
			};
			name = Debug;
		};
		6BF718D1234E90990050434D /* Release */ = {
			isa = XCBuildConfiguration;
			buildSettings = {
				BUNDLE_LOADER = "$(TEST_HOST)";
				CLANG_ENABLE_OBJC_WEAK = YES;
				"CODE_SIGN_IDENTITY[sdk=macosx*]" = "-";
				CODE_SIGN_STYLE = Automatic;
				DEVELOPMENT_TEAM = B3R9YZM37G;
				INFOPLIST_FILE = FMEARTests/Info.plist;
				IPHONEOS_DEPLOYMENT_TARGET = 13.0;
				LD_RUNPATH_SEARCH_PATHS = "$(inherited) @executable_path/Frameworks @loader_path/Frameworks";
				MTL_FAST_MATH = YES;
				PRODUCT_BUNDLE_IDENTIFIER = com.safe.FMEARTests;
				PRODUCT_NAME = "$(TARGET_NAME)";
				SWIFT_OBJC_BRIDGING_HEADER = "./FMEAR/3rd/FMEAR-Bridging-Header.h";
				SWIFT_VERSION = 5.0;
				TARGETED_DEVICE_FAMILY = "1,2";
				TEST_HOST = "$(BUILT_PRODUCTS_DIR)/FME AR.app/FME AR";
			};
			name = Release;
		};
/* End XCBuildConfiguration section */

/* Begin XCConfigurationList section */
		6BA3AA591F4EF66F00CE75E6 /* Build configuration list for PBXProject "FMEAR" */ = {
			isa = XCConfigurationList;
			buildConfigurations = (
				6BA3AA721F4EF66F00CE75E6 /* Debug */,
				6BA3AA731F4EF66F00CE75E6 /* Release */,
			);
			defaultConfigurationIsVisible = 0;
			defaultConfigurationName = Release;
		};
		6BA3AA741F4EF66F00CE75E6 /* Build configuration list for PBXNativeTarget "FMEAR" */ = {
			isa = XCConfigurationList;
			buildConfigurations = (
				6BA3AA751F4EF66F00CE75E6 /* Debug */,
				6BA3AA761F4EF66F00CE75E6 /* Release */,
			);
			defaultConfigurationIsVisible = 0;
			defaultConfigurationName = Release;
		};
		6BF718CF234E90990050434D /* Build configuration list for PBXNativeTarget "FMEARTests" */ = {
			isa = XCConfigurationList;
			buildConfigurations = (
				6BF718D0234E90990050434D /* Debug */,
				6BF718D1234E90990050434D /* Release */,
			);
			defaultConfigurationIsVisible = 0;
			defaultConfigurationName = Release;
		};
/* End XCConfigurationList section */
	};
	rootObject = 6BA3AA561F4EF66F00CE75E6 /* Project object */;
}
